
Microsoft Visual Studio Solution File, Format Version 12.00
# Visual Studio Version 17
VisualStudioVersion = 17.1.32210.238
MinimumVisualStudioVersion = 10.0.40219.1
Project("{FAE04EC0-301F-11D3-BF4B-00C04F79EFBC}") = "CloudSaving", "CloudSaving\CloudSaving.csproj", "{82E5216F-5347-4E43-8BB0-C4BC382AB17B}"
EndProject
Global
	GlobalSection(SolutionConfigurationPlatforms) = preSolution
		Debug|Any CPU = Debug|Any CPU
		Release|Any CPU = Release|Any CPU
	EndGlobalSection
	GlobalSection(ProjectConfigurationPlatforms) = postSolution
		{82E5216F-5347-4E43-8BB0-C4BC382AB17B}.Debug|Any CPU.ActiveCfg = Debug|Any CPU
		{82E5216F-5347-4E43-8BB0-C4BC382AB17B}.Debug|Any CPU.Build.0 = Debug|Any CPU
		{82E5216F-5347-4E43-8BB0-C4BC382AB17B}.Release|Any CPU.ActiveCfg = Release|Any CPU
		{82E5216F-5347-4E43-8BB0-C4BC382AB17B}.Release|Any CPU.Build.0 = Release|Any CPU
	EndGlobalSection
	GlobalSection(SolutionProperties) = preSolution
		HideSolutionNode = FALSE
	EndGlobalSection
	GlobalSection(ExtensibilityGlobals) = postSolution
		SolutionGuid = {827FA520-9597-4F70-A199-AB9172EA8BBF}
	EndGlobalSection
EndGlobal
